
Microsoft Visual Studio Solution File, Format Version 12.00
# Visual Studio Version 17
VisualStudioVersion = 17.9.34714.143
MinimumVisualStudioVersion = 10.0.40219.1
Project("{9A19103F-16F7-4668-BE54-9A1E7A4F7556}") = "PixelService", "PixelService\PixelService.csproj", "{D60A40C9-36A9-40CF-891E-6E9715F500CF}"
EndProject
Project("{9A19103F-16F7-4668-BE54-9A1E7A4F7556}") = "StorageService", "StorageService\StorageService.csproj", "{D2AFAC39-2D30-4B10-A8DF-7935156E3197}"
EndProject
Project("{FAE04EC0-301F-11D3-BF4B-00C04F79EFBC}") = "Shared", "Shared\Shared.csproj", "{8DBB50BD-159D-4575-87E9-0FC775420D3C}"
EndProject
Global
	GlobalSection(SolutionConfigurationPlatforms) = preSolution
		Debug|Any CPU = Debug|Any CPU
		Release|Any CPU = Release|Any CPU
	EndGlobalSection
	GlobalSection(ProjectConfigurationPlatforms) = postSolution
		{D60A40C9-36A9-40CF-891E-6E9715F500CF}.Debug|Any CPU.ActiveCfg = Debug|Any CPU
		{D60A40C9-36A9-40CF-891E-6E9715F500CF}.Debug|Any CPU.Build.0 = Debug|Any CPU
		{D60A40C9-36A9-40CF-891E-6E9715F500CF}.Release|Any CPU.ActiveCfg = Release|Any CPU
		{D60A40C9-36A9-40CF-891E-6E9715F500CF}.Release|Any CPU.Build.0 = Release|Any CPU
		{D2AFAC39-2D30-4B10-A8DF-7935156E3197}.Debug|Any CPU.ActiveCfg = Debug|Any CPU
		{D2AFAC39-2D30-4B10-A8DF-7935156E3197}.Debug|Any CPU.Build.0 = Debug|Any CPU
		{D2AFAC39-2D30-4B10-A8DF-7935156E3197}.Release|Any CPU.ActiveCfg = Release|Any CPU
		{D2AFAC39-2D30-4B10-A8DF-7935156E3197}.Release|Any CPU.Build.0 = Release|Any CPU
		{8DBB50BD-159D-4575-87E9-0FC775420D3C}.Debug|Any CPU.ActiveCfg = Debug|Any CPU
		{8DBB50BD-159D-4575-87E9-0FC775420D3C}.Debug|Any CPU.Build.0 = Debug|Any CPU
		{8DBB50BD-159D-4575-87E9-0FC775420D3C}.Release|Any CPU.ActiveCfg = Release|Any CPU
		{8DBB50BD-159D-4575-87E9-0FC775420D3C}.Release|Any CPU.Build.0 = Release|Any CPU
	EndGlobalSection
	GlobalSection(SolutionProperties) = preSolution
		HideSolutionNode = FALSE
	EndGlobalSection
	GlobalSection(ExtensibilityGlobals) = postSolution
		SolutionGuid = {BD549831-68A7-416C-9279-9653A71F52D5}
	EndGlobalSection
EndGlobal
